
Microsoft Visual Studio Solution File, Format Version 12.00
# Visual Studio Version 17
VisualStudioVersion = 17.14.36623.8
MinimumVisualStudioVersion = 10.0.40219.1
Project("{FAE04EC0-301F-11D3-BF4B-00C04F79EFBC}") = "DeliveryApp.API", "DeliveryApp.Api\DeliveryApp.API.csproj", "{FEE50B39-CE84-48A8-8156-656EC1A9ED4E}"
EndProject
Project("{FAE04EC0-301F-11D3-BF4B-00C04F79EFBC}") = "DeliveryApp.Domain", "DeliveryApp.Domin\DeliveryApp.Domain.csproj", "{F64A91B7-B2E8-4869-BDE8-7D0693F54EBF}"
EndProject
Project("{FAE04EC0-301F-11D3-BF4B-00C04F79EFBC}") = "DeliveryApp.Application", "DeliveryApp.Application\DeliveryApp.Application.csproj", "{85740006-2F8F-4178-98E4-B44C8D3601C4}"
EndProject
Project("{FAE04EC0-301F-11D3-BF4B-00C04F79EFBC}") = "DeliveryApp.Infrastructure", "DeliveryApp.Infrastructure\DeliveryApp.Infrastructure.csproj", "{D6BC6BD9-007F-4411-9898-9AD2485C3043}"
EndProject
Project("{2150E333-8FDC-42A3-9474-1A3956D46DE8}") = "🛠 src", "🛠 src", "{02EA681E-C7D8-13C7-8484-4AC65E1B71E8}"
EndProject
Project("{2150E333-8FDC-42A3-9474-1A3956D46DE8}") = "🧪 tests", "🧪 tests", "{4A902EF2-9683-4038-9648-398B2D823A38}"
EndProject
Project("{FAE04EC0-301F-11D3-BF4B-00C04F79EFBC}") = "DeliveryApp.Domain.Tests", "DeliveryApp.Domain.Tests\DeliveryApp.Domain.Tests.csproj", "{1C606970-7815-4882-9B9A-D30AB8384FFD}"
EndProject
Project("{FAE04EC0-301F-11D3-BF4B-00C04F79EFBC}") = "DeliveryApp.Application.Tests", "DeliveryApp.Application.Tests\DeliveryApp.Application.Tests.csproj", "{3FEAAC98-0E68-41A6-9101-0D37CFEB96F2}"
EndProject
Project("{FAE04EC0-301F-11D3-BF4B-00C04F79EFBC}") = "DeliveryApp.Infrastructure.Tests", "DeliveryApp.Infrastructure.Tests\DeliveryApp.Infrastructure.Tests.csproj", "{68102665-7C4C-4AAD-B09F-73CDC3725BB4}"
EndProject
Project("{FAE04EC0-301F-11D3-BF4B-00C04F79EFBC}") = "DeliveryApp.API.Tests", "DeliveryApp.API.Tests\DeliveryApp.API.Tests.csproj", "{24D0D249-EE04-4AB7-9133-C1296F9AA76B}"
EndProject
Global
	GlobalSection(SolutionConfigurationPlatforms) = preSolution
		Debug|Any CPU = Debug|Any CPU
		Release|Any CPU = Release|Any CPU
	EndGlobalSection
	GlobalSection(ProjectConfigurationPlatforms) = postSolution
		{FEE50B39-CE84-48A8-8156-656EC1A9ED4E}.Debug|Any CPU.ActiveCfg = Debug|Any CPU
		{FEE50B39-CE84-48A8-8156-656EC1A9ED4E}.Debug|Any CPU.Build.0 = Debug|Any CPU
		{FEE50B39-CE84-48A8-8156-656EC1A9ED4E}.Release|Any CPU.ActiveCfg = Release|Any CPU
		{FEE50B39-CE84-48A8-8156-656EC1A9ED4E}.Release|Any CPU.Build.0 = Release|Any CPU
		{F64A91B7-B2E8-4869-BDE8-7D0693F54EBF}.Debug|Any CPU.ActiveCfg = Debug|Any CPU
		{F64A91B7-B2E8-4869-BDE8-7D0693F54EBF}.Debug|Any CPU.Build.0 = Debug|Any CPU
		{F64A91B7-B2E8-4869-BDE8-7D0693F54EBF}.Release|Any CPU.ActiveCfg = Release|Any CPU
		{F64A91B7-B2E8-4869-BDE8-7D0693F54EBF}.Release|Any CPU.Build.0 = Release|Any CPU
		{85740006-2F8F-4178-98E4-B44C8D3601C4}.Debug|Any CPU.ActiveCfg = Debug|Any CPU
		{85740006-2F8F-4178-98E4-B44C8D3601C4}.Debug|Any CPU.Build.0 = Debug|Any CPU
		{85740006-2F8F-4178-98E4-B44C8D3601C4}.Release|Any CPU.ActiveCfg = Release|Any CPU
		{85740006-2F8F-4178-98E4-B44C8D3601C4}.Release|Any CPU.Build.0 = Release|Any CPU
		{D6BC6BD9-007F-4411-9898-9AD2485C3043}.Debug|Any CPU.ActiveCfg = Debug|Any CPU
		{D6BC6BD9-007F-4411-9898-9AD2485C3043}.Debug|Any CPU.Build.0 = Debug|Any CPU
		{D6BC6BD9-007F-4411-9898-9AD2485C3043}.Release|Any CPU.ActiveCfg = Release|Any CPU
		{D6BC6BD9-007F-4411-9898-9AD2485C3043}.Release|Any CPU.Build.0 = Release|Any CPU
		{1C606970-7815-4882-9B9A-D30AB8384FFD}.Debug|Any CPU.ActiveCfg = Debug|Any CPU
		{1C606970-7815-4882-9B9A-D30AB8384FFD}.Debug|Any CPU.Build.0 = Debug|Any CPU
		{1C606970-7815-4882-9B9A-D30AB8384FFD}.Release|Any CPU.ActiveCfg = Release|Any CPU
		{1C606970-7815-4882-9B9A-D30AB8384FFD}.Release|Any CPU.Build.0 = Release|Any CPU
		{3FEAAC98-0E68-41A6-9101-0D37CFEB96F2}.Debug|Any CPU.ActiveCfg = Debug|Any CPU
		{3FEAAC98-0E68-41A6-9101-0D37CFEB96F2}.Debug|Any CPU.Build.0 = Debug|Any CPU
		{3FEAAC98-0E68-41A6-9101-0D37CFEB96F2}.Release|Any CPU.ActiveCfg = Release|Any CPU
		{3FEAAC98-0E68-41A6-9101-0D37CFEB96F2}.Release|Any CPU.Build.0 = Release|Any CPU
		{68102665-7C4C-4AAD-B09F-73CDC3725BB4}.Debug|Any CPU.ActiveCfg = Debug|Any CPU
		{68102665-7C4C-4AAD-B09F-73CDC3725BB4}.Debug|Any CPU.Build.0 = Debug|Any CPU
		{68102665-7C4C-4AAD-B09F-73CDC3725BB4}.Release|Any CPU.ActiveCfg = Release|Any CPU
		{68102665-7C4C-4AAD-B09F-73CDC3725BB4}.Release|Any CPU.Build.0 = Release|Any CPU
		{24D0D249-EE04-4AB7-9133-C1296F9AA76B}.Debug|Any CPU.ActiveCfg = Debug|Any CPU
		{24D0D249-EE04-4AB7-9133-C1296F9AA76B}.Debug|Any CPU.Build.0 = Debug|Any CPU
		{24D0D249-EE04-4AB7-9133-C1296F9AA76B}.Release|Any CPU.ActiveCfg = Release|Any CPU
		{24D0D249-EE04-4AB7-9133-C1296F9AA76B}.Release|Any CPU.Build.0 = Release|Any CPU
	EndGlobalSection
	GlobalSection(SolutionProperties) = preSolution
		HideSolutionNode = FALSE
	EndGlobalSection
	GlobalSection(NestedProjects) = preSolution
		{FEE50B39-CE84-48A8-8156-656EC1A9ED4E} = {02EA681E-C7D8-13C7-8484-4AC65E1B71E8}
		{F64A91B7-B2E8-4869-BDE8-7D0693F54EBF} = {02EA681E-C7D8-13C7-8484-4AC65E1B71E8}
		{85740006-2F8F-4178-98E4-B44C8D3601C4} = {02EA681E-C7D8-13C7-8484-4AC65E1B71E8}
		{D6BC6BD9-007F-4411-9898-9AD2485C3043} = {02EA681E-C7D8-13C7-8484-4AC65E1B71E8}
		{1C606970-7815-4882-9B9A-D30AB8384FFD} = {4A902EF2-9683-4038-9648-398B2D823A38}
		{3FEAAC98-0E68-41A6-9101-0D37CFEB96F2} = {4A902EF2-9683-4038-9648-398B2D823A38}
		{68102665-7C4C-4AAD-B09F-73CDC3725BB4} = {4A902EF2-9683-4038-9648-398B2D823A38}
		{24D0D249-EE04-4AB7-9133-C1296F9AA76B} = {4A902EF2-9683-4038-9648-398B2D823A38}
	EndGlobalSection
	GlobalSection(ExtensibilityGlobals) = postSolution
		SolutionGuid = {93CE99CC-6702-4D30-9656-70A3B3B604A2}
	EndGlobalSection
EndGlobal
